
Microsoft Visual Studio Solution File, Format Version 12.00
# Visual Studio Version 17
VisualStudioVersion = 17.8.34330.188
MinimumVisualStudioVersion = 10.0.40219.1
Project("{9A19103F-16F7-4668-BE54-9A1E7A4F7556}") = "Sulang.Wpf.Studio", "Sulang.Wpf.Studio\Sulang.Wpf.Studio.csproj", "{5ABA040B-ECEF-486E-A75A-87D88CDA985B}"
EndProject
Project("{2150E333-8FDC-42A3-9474-1A3956D46DE8}") = "infrastructure", "infrastructure", "{9BDC6205-CFC9-4FD4-9C41-1F5336C1074D}"
EndProject
Project("{2150E333-8FDC-42A3-9474-1A3956D46DE8}") = "common", "common", "{44920072-2308-4FC7-B08C-CB4E22B53C69}"
EndProject
Project("{9A19103F-16F7-4668-BE54-9A1E7A4F7556}") = "Sulang.Infrastructure", "infrastructure\Sulang.Infrastructure\Sulang.Infrastructure.csproj", "{A46957BB-9030-4566-9FC1-3B51C2B0E813}"
EndProject
Project("{9A19103F-16F7-4668-BE54-9A1E7A4F7556}") = "Sulang.Wpf.Images", "common\Sulang.Wpf.Images\Sulang.Wpf.Images.csproj", "{6A66C86C-E1AA-42D4-AC06-7A1EF9EAAA91}"
EndProject
Project("{9A19103F-16F7-4668-BE54-9A1E7A4F7556}") = "Sulang.Wpf.Controls", "common\Sulang.Wpf.Controls\Sulang.Wpf.Controls.csproj", "{6B295E0D-6979-4999-BC0A-42BF6AAF39D6}"
EndProject
Project("{9A19103F-16F7-4668-BE54-9A1E7A4F7556}") = "Sulang.Native.Win32", "infrastructure\Sulang.Native.Win32\Sulang.Native.Win32.csproj", "{BF34C4A8-543F-4C49-9C1B-6EA34CB4D8AC}"
EndProject
Project("{9A19103F-16F7-4668-BE54-9A1E7A4F7556}") = "Sulang.Wpf.Infrastructure", "infrastructure\Sulang.Wpf.Infrastructure\Sulang.Wpf.Infrastructure.csproj", "{B796C584-CC60-4FAE-83A3-ACF62E04A7CE}"
EndProject
Project("{9A19103F-16F7-4668-BE54-9A1E7A4F7556}") = "Sulang.Wpf.Themes", "common\Sulang.Wpf.Themes\Sulang.Wpf.Themes.csproj", "{882F3BCB-88F3-4269-B333-93EFDCE2DD50}"
EndProject
Project("{2150E333-8FDC-42A3-9474-1A3956D46DE8}") = "modules", "modules", "{C9163EB5-7866-46CA-A055-53F1EEE414B1}"
EndProject
Project("{9A19103F-16F7-4668-BE54-9A1E7A4F7556}") = "Sulang.Wpf.Common", "common\Sulang.Wpf.Common\Sulang.Wpf.Common.csproj", "{27E3618E-0C78-4A8C-9FF3-DFDC3B8629FC}"
EndProject
Project("{9A19103F-16F7-4668-BE54-9A1E7A4F7556}") = "Sulang.Common", "common\Sulang.Common\Sulang.Common.csproj", "{4D8A739D-12A9-4086-9363-C1715B61E2D9}"
EndProject
Project("{2150E333-8FDC-42A3-9474-1A3956D46DE8}") = "kernel", "kernel", "{765852A7-1D09-46ED-9BA3-D0D90D61B98E}"
EndProject
Project("{9A19103F-16F7-4668-BE54-9A1E7A4F7556}") = "Sulang.Modules.Kernel.View", "modules\kernel\Sulang.Modules.Kernel.View\Sulang.Modules.Kernel.View.csproj", "{1F41C046-92F8-406F-BF39-4116F7B44A74}"
EndProject
Project("{9A19103F-16F7-4668-BE54-9A1E7A4F7556}") = "Sulang.Modules.Kernel.Core", "modules\kernel\Sulang.Modules.Kernel.Core\Sulang.Modules.Kernel.Core.csproj", "{9AC0CDC7-6C1F-4FE4-AA4C-878A46C5AD6B}"
EndProject
Project("{FAE04EC0-301F-11D3-BF4B-00C04F79EFBC}") = "Sulang.Modules.Kernel.Entity", "modules\kernel\Sulang.Modules.Kernel.Entity\Sulang.Modules.Kernel.Entity.csproj", "{24499AF8-A542-43CE-AACF-6DE927FA284E}"
EndProject
Global
	GlobalSection(SolutionConfigurationPlatforms) = preSolution
		Debug|Any CPU = Debug|Any CPU
		Release|Any CPU = Release|Any CPU
	EndGlobalSection
	GlobalSection(ProjectConfigurationPlatforms) = postSolution
		{5ABA040B-ECEF-486E-A75A-87D88CDA985B}.Debug|Any CPU.ActiveCfg = Debug|Any CPU
		{5ABA040B-ECEF-486E-A75A-87D88CDA985B}.Debug|Any CPU.Build.0 = Debug|Any CPU
		{5ABA040B-ECEF-486E-A75A-87D88CDA985B}.Release|Any CPU.ActiveCfg = Release|Any CPU
		{5ABA040B-ECEF-486E-A75A-87D88CDA985B}.Release|Any CPU.Build.0 = Release|Any CPU
		{A46957BB-9030-4566-9FC1-3B51C2B0E813}.Debug|Any CPU.ActiveCfg = Debug|Any CPU
		{A46957BB-9030-4566-9FC1-3B51C2B0E813}.Debug|Any CPU.Build.0 = Debug|Any CPU
		{A46957BB-9030-4566-9FC1-3B51C2B0E813}.Release|Any CPU.ActiveCfg = Release|Any CPU
		{A46957BB-9030-4566-9FC1-3B51C2B0E813}.Release|Any CPU.Build.0 = Release|Any CPU
		{6A66C86C-E1AA-42D4-AC06-7A1EF9EAAA91}.Debug|Any CPU.ActiveCfg = Debug|Any CPU
		{6A66C86C-E1AA-42D4-AC06-7A1EF9EAAA91}.Debug|Any CPU.Build.0 = Debug|Any CPU
		{6A66C86C-E1AA-42D4-AC06-7A1EF9EAAA91}.Release|Any CPU.ActiveCfg = Release|Any CPU
		{6A66C86C-E1AA-42D4-AC06-7A1EF9EAAA91}.Release|Any CPU.Build.0 = Release|Any CPU
		{6B295E0D-6979-4999-BC0A-42BF6AAF39D6}.Debug|Any CPU.ActiveCfg = Debug|Any CPU
		{6B295E0D-6979-4999-BC0A-42BF6AAF39D6}.Debug|Any CPU.Build.0 = Debug|Any CPU
		{6B295E0D-6979-4999-BC0A-42BF6AAF39D6}.Release|Any CPU.ActiveCfg = Release|Any CPU
		{6B295E0D-6979-4999-BC0A-42BF6AAF39D6}.Release|Any CPU.Build.0 = Release|Any CPU
		{BF34C4A8-543F-4C49-9C1B-6EA34CB4D8AC}.Debug|Any CPU.ActiveCfg = Debug|Any CPU
		{BF34C4A8-543F-4C49-9C1B-6EA34CB4D8AC}.Debug|Any CPU.Build.0 = Debug|Any CPU
		{BF34C4A8-543F-4C49-9C1B-6EA34CB4D8AC}.Release|Any CPU.ActiveCfg = Release|Any CPU
		{BF34C4A8-543F-4C49-9C1B-6EA34CB4D8AC}.Release|Any CPU.Build.0 = Release|Any CPU
		{B796C584-CC60-4FAE-83A3-ACF62E04A7CE}.Debug|Any CPU.ActiveCfg = Debug|Any CPU
		{B796C584-CC60-4FAE-83A3-ACF62E04A7CE}.Debug|Any CPU.Build.0 = Debug|Any CPU
		{B796C584-CC60-4FAE-83A3-ACF62E04A7CE}.Release|Any CPU.ActiveCfg = Release|Any CPU
		{B796C584-CC60-4FAE-83A3-ACF62E04A7CE}.Release|Any CPU.Build.0 = Release|Any CPU
		{882F3BCB-88F3-4269-B333-93EFDCE2DD50}.Debug|Any CPU.ActiveCfg = Debug|Any CPU
		{882F3BCB-88F3-4269-B333-93EFDCE2DD50}.Debug|Any CPU.Build.0 = Debug|Any CPU
		{882F3BCB-88F3-4269-B333-93EFDCE2DD50}.Release|Any CPU.ActiveCfg = Release|Any CPU
		{882F3BCB-88F3-4269-B333-93EFDCE2DD50}.Release|Any CPU.Build.0 = Release|Any CPU
		{27E3618E-0C78-4A8C-9FF3-DFDC3B8629FC}.Debug|Any CPU.ActiveCfg = Debug|Any CPU
		{27E3618E-0C78-4A8C-9FF3-DFDC3B8629FC}.Debug|Any CPU.Build.0 = Debug|Any CPU
		{27E3618E-0C78-4A8C-9FF3-DFDC3B8629FC}.Release|Any CPU.ActiveCfg = Release|Any CPU
		{27E3618E-0C78-4A8C-9FF3-DFDC3B8629FC}.Release|Any CPU.Build.0 = Release|Any CPU
		{4D8A739D-12A9-4086-9363-C1715B61E2D9}.Debug|Any CPU.ActiveCfg = Debug|Any CPU
		{4D8A739D-12A9-4086-9363-C1715B61E2D9}.Debug|Any CPU.Build.0 = Debug|Any CPU
		{4D8A739D-12A9-4086-9363-C1715B61E2D9}.Release|Any CPU.ActiveCfg = Release|Any CPU
		{4D8A739D-12A9-4086-9363-C1715B61E2D9}.Release|Any CPU.Build.0 = Release|Any CPU
		{1F41C046-92F8-406F-BF39-4116F7B44A74}.Debug|Any CPU.ActiveCfg = Debug|Any CPU
		{1F41C046-92F8-406F-BF39-4116F7B44A74}.Debug|Any CPU.Build.0 = Debug|Any CPU
		{1F41C046-92F8-406F-BF39-4116F7B44A74}.Release|Any CPU.ActiveCfg = Release|Any CPU
		{1F41C046-92F8-406F-BF39-4116F7B44A74}.Release|Any CPU.Build.0 = Release|Any CPU
		{9AC0CDC7-6C1F-4FE4-AA4C-878A46C5AD6B}.Debug|Any CPU.ActiveCfg = Debug|Any CPU
		{9AC0CDC7-6C1F-4FE4-AA4C-878A46C5AD6B}.Debug|Any CPU.Build.0 = Debug|Any CPU
		{9AC0CDC7-6C1F-4FE4-AA4C-878A46C5AD6B}.Release|Any CPU.ActiveCfg = Release|Any CPU
		{9AC0CDC7-6C1F-4FE4-AA4C-878A46C5AD6B}.Release|Any CPU.Build.0 = Release|Any CPU
		{24499AF8-A542-43CE-AACF-6DE927FA284E}.Debug|Any CPU.ActiveCfg = Debug|Any CPU
		{24499AF8-A542-43CE-AACF-6DE927FA284E}.Debug|Any CPU.Build.0 = Debug|Any CPU
		{24499AF8-A542-43CE-AACF-6DE927FA284E}.Release|Any CPU.ActiveCfg = Release|Any CPU
		{24499AF8-A542-43CE-AACF-6DE927FA284E}.Release|Any CPU.Build.0 = Release|Any CPU
	EndGlobalSection
	GlobalSection(SolutionProperties) = preSolution
		HideSolutionNode = FALSE
	EndGlobalSection
	GlobalSection(NestedProjects) = preSolution
		{A46957BB-9030-4566-9FC1-3B51C2B0E813} = {9BDC6205-CFC9-4FD4-9C41-1F5336C1074D}
		{6A66C86C-E1AA-42D4-AC06-7A1EF9EAAA91} = {44920072-2308-4FC7-B08C-CB4E22B53C69}
		{6B295E0D-6979-4999-BC0A-42BF6AAF39D6} = {44920072-2308-4FC7-B08C-CB4E22B53C69}
		{BF34C4A8-543F-4C49-9C1B-6EA34CB4D8AC} = {9BDC6205-CFC9-4FD4-9C41-1F5336C1074D}
		{B796C584-CC60-4FAE-83A3-ACF62E04A7CE} = {9BDC6205-CFC9-4FD4-9C41-1F5336C1074D}
		{882F3BCB-88F3-4269-B333-93EFDCE2DD50} = {44920072-2308-4FC7-B08C-CB4E22B53C69}
		{27E3618E-0C78-4A8C-9FF3-DFDC3B8629FC} = {44920072-2308-4FC7-B08C-CB4E22B53C69}
		{4D8A739D-12A9-4086-9363-C1715B61E2D9} = {44920072-2308-4FC7-B08C-CB4E22B53C69}
		{765852A7-1D09-46ED-9BA3-D0D90D61B98E} = {C9163EB5-7866-46CA-A055-53F1EEE414B1}
		{1F41C046-92F8-406F-BF39-4116F7B44A74} = {765852A7-1D09-46ED-9BA3-D0D90D61B98E}
		{9AC0CDC7-6C1F-4FE4-AA4C-878A46C5AD6B} = {765852A7-1D09-46ED-9BA3-D0D90D61B98E}
		{24499AF8-A542-43CE-AACF-6DE927FA284E} = {765852A7-1D09-46ED-9BA3-D0D90D61B98E}
	EndGlobalSection
	GlobalSection(ExtensibilityGlobals) = postSolution
		SolutionGuid = {3DBBE5CC-57A3-4D99-9EEA-49C8D9DB94EC}
	EndGlobalSection
EndGlobal
